
Microsoft Visual Studio Solution File, Format Version 12.00
# Visual Studio Version 16
VisualStudioVersion = 16.0.29911.84
MinimumVisualStudioVersion = 10.0.40219.1
Project("{FAE04EC0-301F-11D3-BF4B-00C04F79EFBC}") = "Calculadora", "Calculadora\Calculadora.csproj", "{80BF360D-CD53-4E2A-9C28-C01A3B3F2FDA}"
EndProject
Global
	GlobalSection(SolutionConfigurationPlatforms) = preSolution
		Debug|Any CPU = Debug|Any CPU
		Release|Any CPU = Release|Any CPU
	EndGlobalSection
	GlobalSection(ProjectConfigurationPlatforms) = postSolution
		{80BF360D-CD53-4E2A-9C28-C01A3B3F2FDA}.Debug|Any CPU.ActiveCfg = Debug|Any CPU
		{80BF360D-CD53-4E2A-9C28-C01A3B3F2FDA}.Debug|Any CPU.Build.0 = Debug|Any CPU
		{80BF360D-CD53-4E2A-9C28-C01A3B3F2FDA}.Release|Any CPU.ActiveCfg = Release|Any CPU
		{80BF360D-CD53-4E2A-9C28-C01A3B3F2FDA}.Release|Any CPU.Build.0 = Release|Any CPU
	EndGlobalSection
	GlobalSection(SolutionProperties) = preSolution
		HideSolutionNode = FALSE
	EndGlobalSection
	GlobalSection(ExtensibilityGlobals) = postSolution
		SolutionGuid = {D914E1C5-A77C-4AE6-A765-E68442A17503}
	EndGlobalSection
EndGlobal
